// !$*UTF8*$!
{
	archiveVersion = 1;
	classes = {
	};
	objectVersion = 55;
	objects = {

/* Begin PBXBuildFile section */
		421F1AA029F44D8900981455 /* FirebaseAuth in Frameworks */ = {isa = PBXBuildFile; productRef = 421F1A9F29F44D8900981455 /* FirebaseAuth */; };
		421F1AA229F44D8900981455 /* FirebaseDatabase in Frameworks */ = {isa = PBXBuildFile; productRef = 421F1AA129F44D8900981455 /* FirebaseDatabase */; };
		421F1AA429F44D8900981455 /* FirebaseFirestore in Frameworks */ = {isa = PBXBuildFile; productRef = 421F1AA329F44D8900981455 /* FirebaseFirestore */; };
		42250E622A12A6DF00502C74 /* GoogleService-Info.plist in Resources */ = {isa = PBXBuildFile; fileRef = 42250E612A12A6DF00502C74 /* GoogleService-Info.plist */; };
		42250E642A12A9B500502C74 /* ModelManager.swift in Sources */ = {isa = PBXBuildFile; fileRef = 42250E632A12A9B500502C74 /* ModelManager.swift */; };
		4284651A2A11401900A1A7EA /* BookViewModel.swift in Sources */ = {isa = PBXBuildFile; fileRef = 428465192A11401900A1A7EA /* BookViewModel.swift */; };
		4284651C2A11661500A1A7EA /* FirebaseBookModel.swift in Sources */ = {isa = PBXBuildFile; fileRef = 4284651B2A11661500A1A7EA /* FirebaseBookModel.swift */; };
		428BADA129F7101A00C7EA1C /* FirebaseAuthUI in Frameworks */ = {isa = PBXBuildFile; productRef = 428BADA029F7101A00C7EA1C /* FirebaseAuthUI */; };
		428BADA329F7101A00C7EA1C /* FirebaseEmailAuthUI in Frameworks */ = {isa = PBXBuildFile; productRef = 428BADA229F7101A00C7EA1C /* FirebaseEmailAuthUI */; };
		428BADA529F7101A00C7EA1C /* FirebaseGoogleAuthUI in Frameworks */ = {isa = PBXBuildFile; productRef = 428BADA429F7101A00C7EA1C /* FirebaseGoogleAuthUI */; };
		42B97CDF2A0FE68A00238F5D /* CustomAuthPickerViewController.swift in Sources */ = {isa = PBXBuildFile; fileRef = 42B97CDE2A0FE68A00238F5D /* CustomAuthPickerViewController.swift */; };
		42B97CE22A0FEEA500238F5D /* NVActivityIndicatorView in Frameworks */ = {isa = PBXBuildFile; productRef = 42B97CE12A0FEEA500238F5D /* NVActivityIndicatorView */; };
		42B97CE62A0FEF5500238F5D /* LaunchViewController.swift in Sources */ = {isa = PBXBuildFile; fileRef = 42B97CE52A0FEF5500238F5D /* LaunchViewController.swift */; };
		901A889129DACFDA004C5E55 /* BookCellTableView.swift in Sources */ = {isa = PBXBuildFile; fileRef = 901A889029DACFDA004C5E55 /* BookCellTableView.swift */; };
		9040DDFC29D9CBED007A23CD /* BookListViewController.swift in Sources */ = {isa = PBXBuildFile; fileRef = 9040DDFB29D9CBEC007A23CD /* BookListViewController.swift */; };
		9040DDFE29D9CD4D007A23CD /* HomeViewController.swift in Sources */ = {isa = PBXBuildFile; fileRef = 9040DDFD29D9CD4D007A23CD /* HomeViewController.swift */; };
		9040DE0029D9CD65007A23CD /* ProfileViewController.swift in Sources */ = {isa = PBXBuildFile; fileRef = 9040DDFF29D9CD65007A23CD /* ProfileViewController.swift */; };
		90637B5429E2BBEF00A8D13C /* SearchViewController.swift in Sources */ = {isa = PBXBuildFile; fileRef = 90637B5329E2BBEF00A8D13C /* SearchViewController.swift */; };
		90637B5729E2FC6E00A8D13C /* Kingfisher in Frameworks */ = {isa = PBXBuildFile; productRef = 90637B5629E2FC6E00A8D13C /* Kingfisher */; };
		90D5A09A29D8142A000F24D2 /* AppDelegate.swift in Sources */ = {isa = PBXBuildFile; fileRef = 90D5A09929D8142A000F24D2 /* AppDelegate.swift */; };
		90D5A09C29D8142A000F24D2 /* SceneDelegate.swift in Sources */ = {isa = PBXBuildFile; fileRef = 90D5A09B29D8142A000F24D2 /* SceneDelegate.swift */; };
		90D5A09E29D8142A000F24D2 /* ViewController.swift in Sources */ = {isa = PBXBuildFile; fileRef = 90D5A09D29D8142A000F24D2 /* ViewController.swift */; };
		90D5A0A129D8142A000F24D2 /* Main.storyboard in Resources */ = {isa = PBXBuildFile; fileRef = 90D5A09F29D8142A000F24D2 /* Main.storyboard */; };
		90D5A0A329D8142D000F24D2 /* Assets.xcassets in Resources */ = {isa = PBXBuildFile; fileRef = 90D5A0A229D8142D000F24D2 /* Assets.xcassets */; };
		90D5A0A629D8142D000F24D2 /* LaunchScreen.storyboard in Resources */ = {isa = PBXBuildFile; fileRef = 90D5A0A429D8142D000F24D2 /* LaunchScreen.storyboard */; };
		90EE8D3929E56B9800EF910D /* ProfileIconView.swift in Sources */ = {isa = PBXBuildFile; fileRef = 90EE8D3829E56B9800EF910D /* ProfileIconView.swift */; };
		C31E989D29E2A37800615190 /* ApiKey.swift in Sources */ = {isa = PBXBuildFile; fileRef = C31E989C29E2A37800615190 /* ApiKey.swift */; };
		C31E98A129E30FE000615190 /* BookDetailsViewController.swift in Sources */ = {isa = PBXBuildFile; fileRef = C31E98A029E30FE000615190 /* BookDetailsViewController.swift */; };
		C38B3A0629DAD9330069C09C /* NetworkManager.swift in Sources */ = {isa = PBXBuildFile; fileRef = C38B3A0529DAD9330069C09C /* NetworkManager.swift */; };
		C38B3A0A29DAD96E0069C09C /* GoogleBookModel.swift in Sources */ = {isa = PBXBuildFile; fileRef = C38B3A0929DAD96E0069C09C /* GoogleBookModel.swift */; };
		DD9DAA0F29DCA86100F7CB0F /* SummaryProgressView.swift in Sources */ = {isa = PBXBuildFile; fileRef = DD9DAA0E29DCA86100F7CB0F /* SummaryProgressView.swift */; };
/* End PBXBuildFile section */

/* Begin PBXFileReference section */
		42250E612A12A6DF00502C74 /* GoogleService-Info.plist */ = {isa = PBXFileReference; fileEncoding = 4; lastKnownFileType = text.plist.xml; path = "GoogleService-Info.plist"; sourceTree = "<group>"; };
		42250E632A12A9B500502C74 /* ModelManager.swift */ = {isa = PBXFileReference; lastKnownFileType = sourcecode.swift; path = ModelManager.swift; sourceTree = "<group>"; };
		428465192A11401900A1A7EA /* BookViewModel.swift */ = {isa = PBXFileReference; lastKnownFileType = sourcecode.swift; path = BookViewModel.swift; sourceTree = "<group>"; };
		4284651B2A11661500A1A7EA /* FirebaseBookModel.swift */ = {isa = PBXFileReference; lastKnownFileType = sourcecode.swift; path = FirebaseBookModel.swift; sourceTree = "<group>"; };
		42B97CDE2A0FE68A00238F5D /* CustomAuthPickerViewController.swift */ = {isa = PBXFileReference; lastKnownFileType = sourcecode.swift; path = CustomAuthPickerViewController.swift; sourceTree = "<group>"; };
		42B97CE52A0FEF5500238F5D /* LaunchViewController.swift */ = {isa = PBXFileReference; lastKnownFileType = sourcecode.swift; path = LaunchViewController.swift; sourceTree = "<group>"; };
		901A889029DACFDA004C5E55 /* BookCellTableView.swift */ = {isa = PBXFileReference; lastKnownFileType = sourcecode.swift; path = BookCellTableView.swift; sourceTree = "<group>"; };
		9040DDFB29D9CBEC007A23CD /* BookListViewController.swift */ = {isa = PBXFileReference; lastKnownFileType = sourcecode.swift; path = BookListViewController.swift; sourceTree = "<group>"; };
		9040DDFD29D9CD4D007A23CD /* HomeViewController.swift */ = {isa = PBXFileReference; lastKnownFileType = sourcecode.swift; path = HomeViewController.swift; sourceTree = "<group>"; };
		9040DDFF29D9CD65007A23CD /* ProfileViewController.swift */ = {isa = PBXFileReference; lastKnownFileType = sourcecode.swift; path = ProfileViewController.swift; sourceTree = "<group>"; };
		90637B5329E2BBEF00A8D13C /* SearchViewController.swift */ = {isa = PBXFileReference; lastKnownFileType = sourcecode.swift; path = SearchViewController.swift; sourceTree = "<group>"; };
		90D5A09629D8142A000F24D2 /* ReaderLogs.app */ = {isa = PBXFileReference; explicitFileType = wrapper.application; includeInIndex = 0; path = ReaderLogs.app; sourceTree = BUILT_PRODUCTS_DIR; };
		90D5A09929D8142A000F24D2 /* AppDelegate.swift */ = {isa = PBXFileReference; lastKnownFileType = sourcecode.swift; path = AppDelegate.swift; sourceTree = "<group>"; };
		90D5A09B29D8142A000F24D2 /* SceneDelegate.swift */ = {isa = PBXFileReference; lastKnownFileType = sourcecode.swift; path = SceneDelegate.swift; sourceTree = "<group>"; };
		90D5A09D29D8142A000F24D2 /* ViewController.swift */ = {isa = PBXFileReference; lastKnownFileType = sourcecode.swift; path = ViewController.swift; sourceTree = "<group>"; };
		90D5A0A029D8142A000F24D2 /* Base */ = {isa = PBXFileReference; lastKnownFileType = file.storyboard; name = Base; path = Base.lproj/Main.storyboard; sourceTree = "<group>"; };
		90D5A0A229D8142D000F24D2 /* Assets.xcassets */ = {isa = PBXFileReference; lastKnownFileType = folder.assetcatalog; path = Assets.xcassets; sourceTree = "<group>"; };
		90D5A0A529D8142D000F24D2 /* Base */ = {isa = PBXFileReference; lastKnownFileType = file.storyboard; name = Base; path = Base.lproj/LaunchScreen.storyboard; sourceTree = "<group>"; };
		90D5A0A729D8142D000F24D2 /* Info.plist */ = {isa = PBXFileReference; lastKnownFileType = text.plist.xml; path = Info.plist; sourceTree = "<group>"; };
		90EE8D3829E56B9800EF910D /* ProfileIconView.swift */ = {isa = PBXFileReference; lastKnownFileType = sourcecode.swift; path = ProfileIconView.swift; sourceTree = "<group>"; };
		C31E989C29E2A37800615190 /* ApiKey.swift */ = {isa = PBXFileReference; lastKnownFileType = sourcecode.swift; path = ApiKey.swift; sourceTree = SOURCE_ROOT; };
		C31E98A029E30FE000615190 /* BookDetailsViewController.swift */ = {isa = PBXFileReference; lastKnownFileType = sourcecode.swift; path = BookDetailsViewController.swift; sourceTree = "<group>"; };
		C38B3A0529DAD9330069C09C /* NetworkManager.swift */ = {isa = PBXFileReference; lastKnownFileType = sourcecode.swift; path = NetworkManager.swift; sourceTree = "<group>"; };
		C38B3A0929DAD96E0069C09C /* GoogleBookModel.swift */ = {isa = PBXFileReference; lastKnownFileType = sourcecode.swift; path = GoogleBookModel.swift; sourceTree = SOURCE_ROOT; };
		DD9DAA0E29DCA86100F7CB0F /* SummaryProgressView.swift */ = {isa = PBXFileReference; lastKnownFileType = sourcecode.swift; path = SummaryProgressView.swift; sourceTree = "<group>"; };
/* End PBXFileReference section */

/* Begin PBXFrameworksBuildPhase section */
		90D5A09329D8142A000F24D2 /* Frameworks */ = {
			isa = PBXFrameworksBuildPhase;
			buildActionMask = 2147483647;
			files = (
				42B97CE22A0FEEA500238F5D /* NVActivityIndicatorView in Frameworks */,
				428BADA329F7101A00C7EA1C /* FirebaseEmailAuthUI in Frameworks */,
				421F1AA229F44D8900981455 /* FirebaseDatabase in Frameworks */,
				421F1AA429F44D8900981455 /* FirebaseFirestore in Frameworks */,
				428BADA529F7101A00C7EA1C /* FirebaseGoogleAuthUI in Frameworks */,
				90637B5729E2FC6E00A8D13C /* Kingfisher in Frameworks */,
				421F1AA029F44D8900981455 /* FirebaseAuth in Frameworks */,
				428BADA129F7101A00C7EA1C /* FirebaseAuthUI in Frameworks */,
			);
			runOnlyForDeploymentPostprocessing = 0;
		};
/* End PBXFrameworksBuildPhase section */

/* Begin PBXGroup section */
		90D5A08D29D8142A000F24D2 = {
			isa = PBXGroup;
			children = (
				90D5A09829D8142A000F24D2 /* ReaderLogs */,
				90D5A09729D8142A000F24D2 /* Products */,
			);
			sourceTree = "<group>";
		};
		90D5A09729D8142A000F24D2 /* Products */ = {
			isa = PBXGroup;
			children = (
				90D5A09629D8142A000F24D2 /* ReaderLogs.app */,
			);
			name = Products;
			sourceTree = "<group>";
		};
		90D5A09829D8142A000F24D2 /* ReaderLogs */ = {
			isa = PBXGroup;
			children = (
				C31E989C29E2A37800615190 /* ApiKey.swift */,
				90D5A09929D8142A000F24D2 /* AppDelegate.swift */,
				90D5A0A229D8142D000F24D2 /* Assets.xcassets */,
				901A889029DACFDA004C5E55 /* BookCellTableView.swift */,
				C31E98A029E30FE000615190 /* BookDetailsViewController.swift */,
				9040DDFB29D9CBEC007A23CD /* BookListViewController.swift */,
				428465192A11401900A1A7EA /* BookViewModel.swift */,
				42B97CDE2A0FE68A00238F5D /* CustomAuthPickerViewController.swift */,
				4284651B2A11661500A1A7EA /* FirebaseBookModel.swift */,
				C38B3A0929DAD96E0069C09C /* GoogleBookModel.swift */,
				42250E612A12A6DF00502C74 /* GoogleService-Info.plist */,
				9040DDFD29D9CD4D007A23CD /* HomeViewController.swift */,
				90D5A0A729D8142D000F24D2 /* Info.plist */,
				90D5A0A429D8142D000F24D2 /* LaunchScreen.storyboard */,
				42B97CE52A0FEF5500238F5D /* LaunchViewController.swift */,
				90D5A09F29D8142A000F24D2 /* Main.storyboard */,
				42250E632A12A9B500502C74 /* ModelManager.swift */,
				C38B3A0529DAD9330069C09C /* NetworkManager.swift */,
				90EE8D3829E56B9800EF910D /* ProfileIconView.swift */,
				9040DDFF29D9CD65007A23CD /* ProfileViewController.swift */,
				90D5A09B29D8142A000F24D2 /* SceneDelegate.swift */,
				90637B5329E2BBEF00A8D13C /* SearchViewController.swift */,
				DD9DAA0E29DCA86100F7CB0F /* SummaryProgressView.swift */,
				90D5A09D29D8142A000F24D2 /* ViewController.swift */,
			);
			path = ReaderLogs;
			sourceTree = "<group>";
		};
/* End PBXGroup section */

/* Begin PBXNativeTarget section */
		90D5A09529D8142A000F24D2 /* ReaderLogs */ = {
			isa = PBXNativeTarget;
			buildConfigurationList = 90D5A0AA29D8142D000F24D2 /* Build configuration list for PBXNativeTarget "ReaderLogs" */;
			buildPhases = (
				90D5A09229D8142A000F24D2 /* Sources */,
				90D5A09329D8142A000F24D2 /* Frameworks */,
				90D5A09429D8142A000F24D2 /* Resources */,
			);
			buildRules = (
			);
			dependencies = (
			);
			name = ReaderLogs;
			packageProductDependencies = (
				90637B5629E2FC6E00A8D13C /* Kingfisher */,
				421F1A9F29F44D8900981455 /* FirebaseAuth */,
				421F1AA129F44D8900981455 /* FirebaseDatabase */,
				421F1AA329F44D8900981455 /* FirebaseFirestore */,
				428BADA029F7101A00C7EA1C /* FirebaseAuthUI */,
				428BADA229F7101A00C7EA1C /* FirebaseEmailAuthUI */,
				428BADA429F7101A00C7EA1C /* FirebaseGoogleAuthUI */,
				42B97CE12A0FEEA500238F5D /* NVActivityIndicatorView */,
			);
			productName = ReaderLogs;
			productReference = 90D5A09629D8142A000F24D2 /* ReaderLogs.app */;
			productType = "com.apple.product-type.application";
		};
/* End PBXNativeTarget section */

/* Begin PBXProject section */
		90D5A08E29D8142A000F24D2 /* Project object */ = {
			isa = PBXProject;
			attributes = {
				BuildIndependentTargetsInParallel = 1;
				LastSwiftUpdateCheck = 1420;
				LastUpgradeCheck = 1420;
				TargetAttributes = {
					90D5A09529D8142A000F24D2 = {
						CreatedOnToolsVersion = 14.2;
					};
				};
			};
			buildConfigurationList = 90D5A09129D8142A000F24D2 /* Build configuration list for PBXProject "ReaderLogs" */;
			compatibilityVersion = "Xcode 13.0";
			developmentRegion = en;
			hasScannedForEncodings = 0;
			knownRegions = (
				en,
				Base,
			);
			mainGroup = 90D5A08D29D8142A000F24D2;
			packageReferences = (
				90637B5529E2FC6E00A8D13C /* XCRemoteSwiftPackageReference "Kingfisher" */,
				421F1A9E29F44D8900981455 /* XCRemoteSwiftPackageReference "firebase-ios-sdk" */,
				428BAD9F29F7101A00C7EA1C /* XCRemoteSwiftPackageReference "FirebaseUI-iOS" */,
				42B97CE02A0FEEA500238F5D /* XCRemoteSwiftPackageReference "NVActivityIndicatorView" */,
			);
			productRefGroup = 90D5A09729D8142A000F24D2 /* Products */;
			projectDirPath = "";
			projectRoot = "";
			targets = (
				90D5A09529D8142A000F24D2 /* ReaderLogs */,
			);
		};
/* End PBXProject section */

/* Begin PBXResourcesBuildPhase section */
		90D5A09429D8142A000F24D2 /* Resources */ = {
			isa = PBXResourcesBuildPhase;
			buildActionMask = 2147483647;
			files = (
				90D5A0A629D8142D000F24D2 /* LaunchScreen.storyboard in Resources */,
				42250E622A12A6DF00502C74 /* GoogleService-Info.plist in Resources */,
				90D5A0A329D8142D000F24D2 /* Assets.xcassets in Resources */,
				90D5A0A129D8142A000F24D2 /* Main.storyboard in Resources */,
			);
			runOnlyForDeploymentPostprocessing = 0;
		};
/* End PBXResourcesBuildPhase section */

/* Begin PBXSourcesBuildPhase section */
		90D5A09229D8142A000F24D2 /* Sources */ = {
			isa = PBXSourcesBuildPhase;
			buildActionMask = 2147483647;
			files = (
				9040DE0029D9CD65007A23CD /* ProfileViewController.swift in Sources */,
				4284651C2A11661500A1A7EA /* FirebaseBookModel.swift in Sources */,
				DD9DAA0F29DCA86100F7CB0F /* SummaryProgressView.swift in Sources */,
				90637B5429E2BBEF00A8D13C /* SearchViewController.swift in Sources */,
				9040DDFE29D9CD4D007A23CD /* HomeViewController.swift in Sources */,
				90D5A09E29D8142A000F24D2 /* ViewController.swift in Sources */,
				C38B3A0629DAD9330069C09C /* NetworkManager.swift in Sources */,
				9040DDFC29D9CBED007A23CD /* BookListViewController.swift in Sources */,
				C38B3A0A29DAD96E0069C09C /* GoogleBookModel.swift in Sources */,
				42250E642A12A9B500502C74 /* ModelManager.swift in Sources */,
				901A889129DACFDA004C5E55 /* BookCellTableView.swift in Sources */,
				90D5A09A29D8142A000F24D2 /* AppDelegate.swift in Sources */,
				4284651A2A11401900A1A7EA /* BookViewModel.swift in Sources */,
				90EE8D3929E56B9800EF910D /* ProfileIconView.swift in Sources */,
				C31E989D29E2A37800615190 /* ApiKey.swift in Sources */,
				42B97CDF2A0FE68A00238F5D /* CustomAuthPickerViewController.swift in Sources */,
				C31E98A129E30FE000615190 /* BookDetailsViewController.swift in Sources */,
				90D5A09C29D8142A000F24D2 /* SceneDelegate.swift in Sources */,
				42B97CE62A0FEF5500238F5D /* LaunchViewController.swift in Sources */,
			);
			runOnlyForDeploymentPostprocessing = 0;
		};
/* End PBXSourcesBuildPhase section */

/* Begin PBXVariantGroup section */
		90D5A09F29D8142A000F24D2 /* Main.storyboard */ = {
			isa = PBXVariantGroup;
			children = (
				90D5A0A029D8142A000F24D2 /* Base */,
			);
			name = Main.storyboard;
			sourceTree = "<group>";
		};
		90D5A0A429D8142D000F24D2 /* LaunchScreen.storyboard */ = {
			isa = PBXVariantGroup;
			children = (
				90D5A0A529D8142D000F24D2 /* Base */,
			);
			name = LaunchScreen.storyboard;
			sourceTree = "<group>";
		};
/* End PBXVariantGroup section */

/* Begin XCBuildConfiguration section */
		90D5A0A829D8142D000F24D2 /* Debug */ = {
			isa = XCBuildConfiguration;
			buildSettings = {
				ALWAYS_SEARCH_USER_PATHS = NO;
				CLANG_ANALYZER_NONNULL = YES;
				CLANG_ANALYZER_NUMBER_OBJECT_CONVERSION = YES_AGGRESSIVE;
				CLANG_CXX_LANGUAGE_STANDARD = "gnu++20";
				CLANG_ENABLE_MODULES = YES;
				CLANG_ENABLE_OBJC_ARC = YES;
				CLANG_ENABLE_OBJC_WEAK = YES;
				CLANG_WARN_BLOCK_CAPTURE_AUTORELEASING = YES;
				CLANG_WARN_BOOL_CONVERSION = YES;
				CLANG_WARN_COMMA = YES;
				CLANG_WARN_CONSTANT_CONVERSION = YES;
				CLANG_WARN_DEPRECATED_OBJC_IMPLEMENTATIONS = YES;
				CLANG_WARN_DIRECT_OBJC_ISA_USAGE = YES_ERROR;
				CLANG_WARN_DOCUMENTATION_COMMENTS = YES;
				CLANG_WARN_EMPTY_BODY = YES;
				CLANG_WARN_ENUM_CONVERSION = YES;
				CLANG_WARN_INFINITE_RECURSION = YES;
				CLANG_WARN_INT_CONVERSION = YES;
				CLANG_WARN_NON_LITERAL_NULL_CONVERSION = YES;
				CLANG_WARN_OBJC_IMPLICIT_RETAIN_SELF = YES;
				CLANG_WARN_OBJC_LITERAL_CONVERSION = YES;
				CLANG_WARN_OBJC_ROOT_CLASS = YES_ERROR;
				CLANG_WARN_QUOTED_INCLUDE_IN_FRAMEWORK_HEADER = YES;
				CLANG_WARN_RANGE_LOOP_ANALYSIS = YES;
				CLANG_WARN_STRICT_PROTOTYPES = YES;
				CLANG_WARN_SUSPICIOUS_MOVE = YES;
				CLANG_WARN_UNGUARDED_AVAILABILITY = YES_AGGRESSIVE;
				CLANG_WARN_UNREACHABLE_CODE = YES;
				CLANG_WARN__DUPLICATE_METHOD_MATCH = YES;
				COPY_PHASE_STRIP = NO;
				DEBUG_INFORMATION_FORMAT = dwarf;
				ENABLE_STRICT_OBJC_MSGSEND = YES;
				ENABLE_TESTABILITY = YES;
				GCC_C_LANGUAGE_STANDARD = gnu11;
				GCC_DYNAMIC_NO_PIC = NO;
				GCC_NO_COMMON_BLOCKS = YES;
				GCC_OPTIMIZATION_LEVEL = 0;
				GCC_PREPROCESSOR_DEFINITIONS = (
					"DEBUG=1",
					"$(inherited)",
				);
				GCC_WARN_64_TO_32_BIT_CONVERSION = YES;
				GCC_WARN_ABOUT_RETURN_TYPE = YES_ERROR;
				GCC_WARN_UNDECLARED_SELECTOR = YES;
				GCC_WARN_UNINITIALIZED_AUTOS = YES_AGGRESSIVE;
				GCC_WARN_UNUSED_FUNCTION = YES;
				GCC_WARN_UNUSED_VARIABLE = YES;
				IPHONEOS_DEPLOYMENT_TARGET = 16.2;
				MTL_ENABLE_DEBUG_INFO = INCLUDE_SOURCE;
				MTL_FAST_MATH = YES;
				ONLY_ACTIVE_ARCH = YES;
				SDKROOT = iphoneos;
				SWIFT_ACTIVE_COMPILATION_CONDITIONS = DEBUG;
				SWIFT_OPTIMIZATION_LEVEL = "-Onone";
			};
			name = Debug;
		};
		90D5A0A929D8142D000F24D2 /* Release */ = {
			isa = XCBuildConfiguration;
			buildSettings = {
				ALWAYS_SEARCH_USER_PATHS = NO;
				CLANG_ANALYZER_NONNULL = YES;
				CLANG_ANALYZER_NUMBER_OBJECT_CONVERSION = YES_AGGRESSIVE;
				CLANG_CXX_LANGUAGE_STANDARD = "gnu++20";
				CLANG_ENABLE_MODULES = YES;
				CLANG_ENABLE_OBJC_ARC = YES;
				CLANG_ENABLE_OBJC_WEAK = YES;
				CLANG_WARN_BLOCK_CAPTURE_AUTORELEASING = YES;
				CLANG_WARN_BOOL_CONVERSION = YES;
				CLANG_WARN_COMMA = YES;
				CLANG_WARN_CONSTANT_CONVERSION = YES;
				CLANG_WARN_DEPRECATED_OBJC_IMPLEMENTATIONS = YES;
				CLANG_WARN_DIRECT_OBJC_ISA_USAGE = YES_ERROR;
				CLANG_WARN_DOCUMENTATION_COMMENTS = YES;
				CLANG_WARN_EMPTY_BODY = YES;
				CLANG_WARN_ENUM_CONVERSION = YES;
				CLANG_WARN_INFINITE_RECURSION = YES;
				CLANG_WARN_INT_CONVERSION = YES;
				CLANG_WARN_NON_LITERAL_NULL_CONVERSION = YES;
				CLANG_WARN_OBJC_IMPLICIT_RETAIN_SELF = YES;
				CLANG_WARN_OBJC_LITERAL_CONVERSION = YES;
				CLANG_WARN_OBJC_ROOT_CLASS = YES_ERROR;
				CLANG_WARN_QUOTED_INCLUDE_IN_FRAMEWORK_HEADER = YES;
				CLANG_WARN_RANGE_LOOP_ANALYSIS = YES;
				CLANG_WARN_STRICT_PROTOTYPES = YES;
				CLANG_WARN_SUSPICIOUS_MOVE = YES;
				CLANG_WARN_UNGUARDED_AVAILABILITY = YES_AGGRESSIVE;
				CLANG_WARN_UNREACHABLE_CODE = YES;
				CLANG_WARN__DUPLICATE_METHOD_MATCH = YES;
				COPY_PHASE_STRIP = NO;
				DEBUG_INFORMATION_FORMAT = "dwarf-with-dsym";
				ENABLE_NS_ASSERTIONS = NO;
				ENABLE_STRICT_OBJC_MSGSEND = YES;
				GCC_C_LANGUAGE_STANDARD = gnu11;
				GCC_NO_COMMON_BLOCKS = YES;
				GCC_WARN_64_TO_32_BIT_CONVERSION = YES;
				GCC_WARN_ABOUT_RETURN_TYPE = YES_ERROR;
				GCC_WARN_UNDECLARED_SELECTOR = YES;
				GCC_WARN_UNINITIALIZED_AUTOS = YES_AGGRESSIVE;
				GCC_WARN_UNUSED_FUNCTION = YES;
				GCC_WARN_UNUSED_VARIABLE = YES;
				IPHONEOS_DEPLOYMENT_TARGET = 16.2;
				MTL_ENABLE_DEBUG_INFO = NO;
				MTL_FAST_MATH = YES;
				SDKROOT = iphoneos;
				SWIFT_COMPILATION_MODE = wholemodule;
				SWIFT_OPTIMIZATION_LEVEL = "-O";
				VALIDATE_PRODUCT = YES;
			};
			name = Release;
		};
		90D5A0AB29D8142D000F24D2 /* Debug */ = {
			isa = XCBuildConfiguration;
			buildSettings = {
				ASSETCATALOG_COMPILER_APPICON_NAME = AppIcon;
				ASSETCATALOG_COMPILER_GLOBAL_ACCENT_COLOR_NAME = AccentColor;
				CODE_SIGN_STYLE = Automatic;
				CURRENT_PROJECT_VERSION = 1;
				GENERATE_INFOPLIST_FILE = YES;
				INFOPLIST_FILE = ReaderLogs/Info.plist;
				INFOPLIST_KEY_UIApplicationSupportsIndirectInputEvents = YES;
				INFOPLIST_KEY_UILaunchStoryboardName = LaunchScreen;
				INFOPLIST_KEY_UIMainStoryboardFile = Main;
				INFOPLIST_KEY_UISupportedInterfaceOrientations_iPad = "UIInterfaceOrientationPortrait UIInterfaceOrientationPortraitUpsideDown UIInterfaceOrientationLandscapeLeft UIInterfaceOrientationLandscapeRight";
				INFOPLIST_KEY_UISupportedInterfaceOrientations_iPhone = "UIInterfaceOrientationPortrait UIInterfaceOrientationLandscapeLeft UIInterfaceOrientationLandscapeRight";
				IPHONEOS_DEPLOYMENT_TARGET = 15.4;
				LD_RUNPATH_SEARCH_PATHS = (
					"$(inherited)",
					"@executable_path/Frameworks",
				);
				MARKETING_VERSION = 1.0;
				PRODUCT_BUNDLE_IDENTIFIER = com.unibuc.project2023.ReaderLogs;
				PRODUCT_NAME = "$(TARGET_NAME)";
				SWIFT_EMIT_LOC_STRINGS = YES;
				SWIFT_VERSION = 5.0;
				TARGETED_DEVICE_FAMILY = "1,2";
			};
			name = Debug;
		};
		90D5A0AC29D8142D000F24D2 /* Release */ = {
			isa = XCBuildConfiguration;
			buildSettings = {
				ASSETCATALOG_COMPILER_APPICON_NAME = AppIcon;
				ASSETCATALOG_COMPILER_GLOBAL_ACCENT_COLOR_NAME = AccentColor;
				CODE_SIGN_STYLE = Automatic;
				CURRENT_PROJECT_VERSION = 1;
				GENERATE_INFOPLIST_FILE = YES;
				INFOPLIST_FILE = ReaderLogs/Info.plist;
				INFOPLIST_KEY_UIApplicationSupportsIndirectInputEvents = YES;
				INFOPLIST_KEY_UILaunchStoryboardName = LaunchScreen;
				INFOPLIST_KEY_UIMainStoryboardFile = Main;
				INFOPLIST_KEY_UISupportedInterfaceOrientations_iPad = "UIInterfaceOrientationPortrait UIInterfaceOrientationPortraitUpsideDown UIInterfaceOrientationLandscapeLeft UIInterfaceOrientationLandscapeRight";
				INFOPLIST_KEY_UISupportedInterfaceOrientations_iPhone = "UIInterfaceOrientationPortrait UIInterfaceOrientationLandscapeLeft UIInterfaceOrientationLandscapeRight";
				IPHONEOS_DEPLOYMENT_TARGET = 15.4;
				LD_RUNPATH_SEARCH_PATHS = (
					"$(inherited)",
					"@executable_path/Frameworks",
				);
				MARKETING_VERSION = 1.0;
				PRODUCT_BUNDLE_IDENTIFIER = com.unibuc.project2023.ReaderLogs;
				PRODUCT_NAME = "$(TARGET_NAME)";
				SWIFT_EMIT_LOC_STRINGS = YES;
				SWIFT_VERSION = 5.0;
				TARGETED_DEVICE_FAMILY = "1,2";
			};
			name = Release;
		};
/* End XCBuildConfiguration section */

/* Begin XCConfigurationList section */
		90D5A09129D8142A000F24D2 /* Build configuration list for PBXProject "ReaderLogs" */ = {
			isa = XCConfigurationList;
			buildConfigurations = (
				90D5A0A829D8142D000F24D2 /* Debug */,
				90D5A0A929D8142D000F24D2 /* Release */,
			);
			defaultConfigurationIsVisible = 0;
			defaultConfigurationName = Release;
		};
		90D5A0AA29D8142D000F24D2 /* Build configuration list for PBXNativeTarget "ReaderLogs" */ = {
			isa = XCConfigurationList;
			buildConfigurations = (
				90D5A0AB29D8142D000F24D2 /* Debug */,
				90D5A0AC29D8142D000F24D2 /* Release */,
			);
			defaultConfigurationIsVisible = 0;
			defaultConfigurationName = Release;
		};
/* End XCConfigurationList section */

/* Begin XCRemoteSwiftPackageReference section */
		421F1A9E29F44D8900981455 /* XCRemoteSwiftPackageReference "firebase-ios-sdk" */ = {
			isa = XCRemoteSwiftPackageReference;
			repositoryURL = "https://github.com/firebase/firebase-ios-sdk";
			requirement = {
				kind = upToNextMajorVersion;
				minimumVersion = 9.0.0;
			};
		};
		428BAD9F29F7101A00C7EA1C /* XCRemoteSwiftPackageReference "FirebaseUI-iOS" */ = {
			isa = XCRemoteSwiftPackageReference;
			repositoryURL = "https://github.com/firebase/FirebaseUI-iOS.git";
			requirement = {
				branch = master;
				kind = branch;
			};
		};
		42B97CE02A0FEEA500238F5D /* XCRemoteSwiftPackageReference "NVActivityIndicatorView" */ = {
			isa = XCRemoteSwiftPackageReference;
			repositoryURL = "https://github.com/ninjaprox/NVActivityIndicatorView.git";
			requirement = {
				kind = upToNextMajorVersion;
				minimumVersion = 5.0.0;
			};
		};
		90637B5529E2FC6E00A8D13C /* XCRemoteSwiftPackageReference "Kingfisher" */ = {
			isa = XCRemoteSwiftPackageReference;
			repositoryURL = "https://github.com/onevcat/Kingfisher.git";
			requirement = {
				kind = upToNextMajorVersion;
				minimumVersion = 7.0.0;
			};
		};
/* End XCRemoteSwiftPackageReference section */

/* Begin XCSwiftPackageProductDependency section */
		421F1A9F29F44D8900981455 /* FirebaseAuth */ = {
			isa = XCSwiftPackageProductDependency;
			package = 421F1A9E29F44D8900981455 /* XCRemoteSwiftPackageReference "firebase-ios-sdk" */;
			productName = FirebaseAuth;
		};
		421F1AA129F44D8900981455 /* FirebaseDatabase */ = {
			isa = XCSwiftPackageProductDependency;
			package = 421F1A9E29F44D8900981455 /* XCRemoteSwiftPackageReference "firebase-ios-sdk" */;
			productName = FirebaseDatabase;
		};
		421F1AA329F44D8900981455 /* FirebaseFirestore */ = {
			isa = XCSwiftPackageProductDependency;
			package = 421F1A9E29F44D8900981455 /* XCRemoteSwiftPackageReference "firebase-ios-sdk" */;
			productName = FirebaseFirestore;
		};
		428BADA029F7101A00C7EA1C /* FirebaseAuthUI */ = {
			isa = XCSwiftPackageProductDependency;
			package = 428BAD9F29F7101A00C7EA1C /* XCRemoteSwiftPackageReference "FirebaseUI-iOS" */;
			productName = FirebaseAuthUI;
		};
		428BADA229F7101A00C7EA1C /* FirebaseEmailAuthUI */ = {
			isa = XCSwiftPackageProductDependency;
			package = 428BAD9F29F7101A00C7EA1C /* XCRemoteSwiftPackageReference "FirebaseUI-iOS" */;
			productName = FirebaseEmailAuthUI;
		};
		428BADA429F7101A00C7EA1C /* FirebaseGoogleAuthUI */ = {
			isa = XCSwiftPackageProductDependency;
			package = 428BAD9F29F7101A00C7EA1C /* XCRemoteSwiftPackageReference "FirebaseUI-iOS" */;
			productName = FirebaseGoogleAuthUI;
		};
		42B97CE12A0FEEA500238F5D /* NVActivityIndicatorView */ = {
			isa = XCSwiftPackageProductDependency;
			package = 42B97CE02A0FEEA500238F5D /* XCRemoteSwiftPackageReference "NVActivityIndicatorView" */;
			productName = NVActivityIndicatorView;
		};
		90637B5629E2FC6E00A8D13C /* Kingfisher */ = {
			isa = XCSwiftPackageProductDependency;
			package = 90637B5529E2FC6E00A8D13C /* XCRemoteSwiftPackageReference "Kingfisher" */;
			productName = Kingfisher;
		};
/* End XCSwiftPackageProductDependency section */
	};
	rootObject = 90D5A08E29D8142A000F24D2 /* Project object */;
}
